<?xml version="1.0" encoding="UTF-8"?>
<CodeBlocks_project_file>
	<FileVersion major="1" minor="6"/>
	<Project>
		<Option title="numsim_parallel"/>
		<Option makefile_is_custom="1"/>
		<Option compiler="gcc"/>
		<Option virtualFolders="CMake Files\;CMake Files\src\;CMake Files\..\;CMake Files\..\..\;CMake Files\..\..\..\;CMake Files\..\..\..\..\;CMake Files\..\..\..\..\run\;CMake Files\..\..\..\..\run\current-system\;CMake Files\..\..\..\..\run\current-system\sw\;CMake Files\..\..\..\..\run\current-system\sw\lib\;CMake Files\..\..\..\..\run\current-system\sw\lib\cmake\;CMake Files\..\..\..\..\run\current-system\sw\lib\cmake\vtk-7.1\;CMake Files\..\..\..\..\nix\;CMake Files\..\..\..\..\nix\store\;CMake Files\..\..\..\..\nix\store\mrbyn6006wg81gp485jgmxklsjv3ds5s-vtk-7.1.1\;CMake Files\..\..\..\..\nix\store\mrbyn6006wg81gp485jgmxklsjv3ds5s-vtk-7.1.1\lib\;CMake Files\..\..\..\..\nix\store\mrbyn6006wg81gp485jgmxklsjv3ds5s-vtk-7.1.1\lib\cmake\;CMake Files\..\..\..\..\nix\store\mrbyn6006wg81gp485jgmxklsjv3ds5s-vtk-7.1.1\lib\cmake\vtk-7.1\;CMake Files\..\..\..\..\nix\store\mrbyn6006wg81gp485jgmxklsjv3ds5s-vtk-7.1.1\lib\cmake\vtk-7.1\Modules\;"/>
		<Build>
			<Target title="all">
				<Option working_dir="/home/fritz/code/NumSim/src"/>
				<Option type="4"/>
				<MakeCommands>
					<Build command="/run/current-system/sw/bin/make -j8 -f &quot;/home/fritz/code/NumSim/src/Makefile&quot;  VERBOSE=1 all"/>
					<CompileFile command="/run/current-system/sw/bin/make -j8 -f &quot;/home/fritz/code/NumSim/src/Makefile&quot;  VERBOSE=1 &quot;$file&quot;"/>
					<Clean command="/run/current-system/sw/bin/make -j8 -f &quot;/home/fritz/code/NumSim/src/Makefile&quot;  VERBOSE=1 clean"/>
					<DistClean command="/run/current-system/sw/bin/make -j8 -f &quot;/home/fritz/code/NumSim/src/Makefile&quot;  VERBOSE=1 clean"/>
				</MakeCommands>
			</Target>
			<Target title="numsim_parallel">
				<Option output="/home/fritz/code/NumSim/src/numsim_parallel" prefix_auto="0" extension_auto="0"/>
				<Option working_dir="/home/fritz/code/NumSim/src"/>
				<Option object_output="./"/>
				<Option type="1"/>
				<Option compiler="gcc"/>
				<Compiler>
					<Add directory="/home/fritz/code/NumSim/src"/>
					<Add directory="/nix/store/mrbyn6006wg81gp485jgmxklsjv3ds5s-vtk-7.1.1/include/vtk-7.1"/>
					<Add directory="/nix/store/m1sbfb0y07w4zk9ybqkbmk1y8yzk2vvx-libtiff-4.0.10-dev/include"/>
					<Add directory="/nix/store/mrbyn6006wg81gp485jgmxklsjv3ds5s-vtk-7.1.1/include"/>
					<Add directory="/nix/store/6zgz10s66d5d3ps1f90wgs3xin2gjdvp-openmpi-4.0.1/include"/>
					<Add directory="/nix/store/bzx75p22dpyzc62z9znkrm0xmvy4hxch-gcc-8.3.0/lib/gcc/x86_64-unknown-linux-gnu/8.3.0/../../../../include/c++/8.3.0"/>
					<Add directory="/nix/store/bzx75p22dpyzc62z9znkrm0xmvy4hxch-gcc-8.3.0/lib/gcc/x86_64-unknown-linux-gnu/8.3.0/../../../../include/c++/8.3.0/x86_64-unknown-linux-gnu"/>
					<Add directory="/nix/store/bzx75p22dpyzc62z9znkrm0xmvy4hxch-gcc-8.3.0/lib/gcc/x86_64-unknown-linux-gnu/8.3.0/../../../../include/c++/8.3.0/backward"/>
					<Add directory="/nix/store/bzx75p22dpyzc62z9znkrm0xmvy4hxch-gcc-8.3.0/lib/gcc/x86_64-unknown-linux-gnu/8.3.0/include"/>
					<Add directory="/nix/store/bzx75p22dpyzc62z9znkrm0xmvy4hxch-gcc-8.3.0/include"/>
					<Add directory="/nix/store/bzx75p22dpyzc62z9znkrm0xmvy4hxch-gcc-8.3.0/lib/gcc/x86_64-unknown-linux-gnu/8.3.0/include-fixed"/>
					<Add directory="/nix/store/7sz2vlx5bz5sjqw75y0308yra1vr9dmx-glibc-2.27-dev/include"/>
				</Compiler>
				<MakeCommands>
					<Build command="/run/current-system/sw/bin/make -j8 -f &quot;/home/fritz/code/NumSim/src/Makefile&quot;  VERBOSE=1 numsim_parallel"/>
					<CompileFile command="/run/current-system/sw/bin/make -j8 -f &quot;/home/fritz/code/NumSim/src/Makefile&quot;  VERBOSE=1 &quot;$file&quot;"/>
					<Clean command="/run/current-system/sw/bin/make -j8 -f &quot;/home/fritz/code/NumSim/src/Makefile&quot;  VERBOSE=1 clean"/>
					<DistClean command="/run/current-system/sw/bin/make -j8 -f &quot;/home/fritz/code/NumSim/src/Makefile&quot;  VERBOSE=1 clean"/>
				</MakeCommands>
			</Target>
			<Target title="numsim_parallel/fast">
				<Option output="/home/fritz/code/NumSim/src/numsim_parallel" prefix_auto="0" extension_auto="0"/>
				<Option working_dir="/home/fritz/code/NumSim/src"/>
				<Option object_output="./"/>
				<Option type="1"/>
				<Option compiler="gcc"/>
				<Compiler>
					<Add directory="/home/fritz/code/NumSim/src"/>
					<Add directory="/nix/store/mrbyn6006wg81gp485jgmxklsjv3ds5s-vtk-7.1.1/include/vtk-7.1"/>
					<Add directory="/nix/store/m1sbfb0y07w4zk9ybqkbmk1y8yzk2vvx-libtiff-4.0.10-dev/include"/>
					<Add directory="/nix/store/mrbyn6006wg81gp485jgmxklsjv3ds5s-vtk-7.1.1/include"/>
					<Add directory="/nix/store/6zgz10s66d5d3ps1f90wgs3xin2gjdvp-openmpi-4.0.1/include"/>
					<Add directory="/nix/store/bzx75p22dpyzc62z9znkrm0xmvy4hxch-gcc-8.3.0/lib/gcc/x86_64-unknown-linux-gnu/8.3.0/../../../../include/c++/8.3.0"/>
					<Add directory="/nix/store/bzx75p22dpyzc62z9znkrm0xmvy4hxch-gcc-8.3.0/lib/gcc/x86_64-unknown-linux-gnu/8.3.0/../../../../include/c++/8.3.0/x86_64-unknown-linux-gnu"/>
					<Add directory="/nix/store/bzx75p22dpyzc62z9znkrm0xmvy4hxch-gcc-8.3.0/lib/gcc/x86_64-unknown-linux-gnu/8.3.0/../../../../include/c++/8.3.0/backward"/>
					<Add directory="/nix/store/bzx75p22dpyzc62z9znkrm0xmvy4hxch-gcc-8.3.0/lib/gcc/x86_64-unknown-linux-gnu/8.3.0/include"/>
					<Add directory="/nix/store/bzx75p22dpyzc62z9znkrm0xmvy4hxch-gcc-8.3.0/include"/>
					<Add directory="/nix/store/bzx75p22dpyzc62z9znkrm0xmvy4hxch-gcc-8.3.0/lib/gcc/x86_64-unknown-linux-gnu/8.3.0/include-fixed"/>
					<Add directory="/nix/store/7sz2vlx5bz5sjqw75y0308yra1vr9dmx-glibc-2.27-dev/include"/>
				</Compiler>
				<MakeCommands>
					<Build command="/run/current-system/sw/bin/make -j8 -f &quot;/home/fritz/code/NumSim/src/Makefile&quot;  VERBOSE=1 numsim_parallel/fast"/>
					<CompileFile command="/run/current-system/sw/bin/make -j8 -f &quot;/home/fritz/code/NumSim/src/Makefile&quot;  VERBOSE=1 &quot;$file&quot;"/>
					<Clean command="/run/current-system/sw/bin/make -j8 -f &quot;/home/fritz/code/NumSim/src/Makefile&quot;  VERBOSE=1 clean"/>
					<DistClean command="/run/current-system/sw/bin/make -j8 -f &quot;/home/fritz/code/NumSim/src/Makefile&quot;  VERBOSE=1 clean"/>
				</MakeCommands>
			</Target>
		</Build>
		<Unit filename="/home/fritz/code/NumSim/src/Array2D.cpp">
			<Option target="numsim_parallel"/>
		</Unit>
		<Unit filename="/home/fritz/code/NumSim/src/Array2D.h">
			<Option target="numsim_parallel"/>
		</Unit>
		<Unit filename="/home/fritz/code/NumSim/src/CentralDifferences.cpp">
			<Option target="numsim_parallel"/>
		</Unit>
		<Unit filename="/home/fritz/code/NumSim/src/CentralDifferences.h">
			<Option target="numsim_parallel"/>
		</Unit>
		<Unit filename="/home/fritz/code/NumSim/src/Computation.cpp">
			<Option target="numsim_parallel"/>
		</Unit>
		<Unit filename="/home/fritz/code/NumSim/src/Computation.h">
			<Option target="numsim_parallel"/>
		</Unit>
		<Unit filename="/home/fritz/code/NumSim/src/ComputationParallel.cpp">
			<Option target="numsim_parallel"/>
		</Unit>
		<Unit filename="/home/fritz/code/NumSim/src/ComputationParallel.h">
			<Option target="numsim_parallel"/>
		</Unit>
		<Unit filename="/home/fritz/code/NumSim/src/Discretization.cpp">
			<Option target="numsim_parallel"/>
		</Unit>
		<Unit filename="/home/fritz/code/NumSim/src/Discretization.h">
			<Option target="numsim_parallel"/>
		</Unit>
		<Unit filename="/home/fritz/code/NumSim/src/DonorCell.cpp">
			<Option target="numsim_parallel"/>
		</Unit>
		<Unit filename="/home/fritz/code/NumSim/src/DonorCell.h">
			<Option target="numsim_parallel"/>
		</Unit>
		<Unit filename="/home/fritz/code/NumSim/src/FieldVariable.cpp">
			<Option target="numsim_parallel"/>
		</Unit>
		<Unit filename="/home/fritz/code/NumSim/src/FieldVariable.h">
			<Option target="numsim_parallel"/>
		</Unit>
		<Unit filename="/home/fritz/code/NumSim/src/GaussSeidel.cpp">
			<Option target="numsim_parallel"/>
		</Unit>
		<Unit filename="/home/fritz/code/NumSim/src/GaussSeidel.h">
			<Option target="numsim_parallel"/>
		</Unit>
		<Unit filename="/home/fritz/code/NumSim/src/GaussSeidelRedBlack.cpp">
			<Option target="numsim_parallel"/>
		</Unit>
		<Unit filename="/home/fritz/code/NumSim/src/GaussSeidelRedBlack.h">
			<Option target="numsim_parallel"/>
		</Unit>
		<Unit filename="/home/fritz/code/NumSim/src/Partitioning.cpp">
			<Option target="numsim_parallel"/>
		</Unit>
		<Unit filename="/home/fritz/code/NumSim/src/Partitioning.h">
			<Option target="numsim_parallel"/>
		</Unit>
		<Unit filename="/home/fritz/code/NumSim/src/PressureSolver.cpp">
			<Option target="numsim_parallel"/>
		</Unit>
		<Unit filename="/home/fritz/code/NumSim/src/PressureSolver.h">
			<Option target="numsim_parallel"/>
		</Unit>
		<Unit filename="/home/fritz/code/NumSim/src/SOR.cpp">
			<Option target="numsim_parallel"/>
		</Unit>
		<Unit filename="/home/fritz/code/NumSim/src/SOR.h">
			<Option target="numsim_parallel"/>
		</Unit>
		<Unit filename="/home/fritz/code/NumSim/src/SORRedBlack.cpp">
			<Option target="numsim_parallel"/>
		</Unit>
		<Unit filename="/home/fritz/code/NumSim/src/SORRedBlack.h">
			<Option target="numsim_parallel"/>
		</Unit>
		<Unit filename="/home/fritz/code/NumSim/src/StaggeredGrid.cpp">
			<Option target="numsim_parallel"/>
		</Unit>
		<Unit filename="/home/fritz/code/NumSim/src/StaggeredGrid.h">
			<Option target="numsim_parallel"/>
		</Unit>
		<Unit filename="/home/fritz/code/NumSim/src/main.cpp">
			<Option target="numsim_parallel"/>
		</Unit>
		<Unit filename="/home/fritz/code/NumSim/src/output_writer/output_writer.cpp">
			<Option target="numsim_parallel"/>
		</Unit>
		<Unit filename="/home/fritz/code/NumSim/src/output_writer/output_writer.h">
			<Option target="numsim_parallel"/>
		</Unit>
		<Unit filename="/home/fritz/code/NumSim/src/output_writer/output_writer_paraview.cpp">
			<Option target="numsim_parallel"/>
		</Unit>
		<Unit filename="/home/fritz/code/NumSim/src/output_writer/output_writer_paraview.h">
			<Option target="numsim_parallel"/>
		</Unit>
		<Unit filename="/home/fritz/code/NumSim/src/output_writer/output_writer_paraview_parallel.cpp">
			<Option target="numsim_parallel"/>
		</Unit>
		<Unit filename="/home/fritz/code/NumSim/src/output_writer/output_writer_paraview_parallel.h">
			<Option target="numsim_parallel"/>
		</Unit>
		<Unit filename="/home/fritz/code/NumSim/src/output_writer/output_writer_text.cpp">
			<Option target="numsim_parallel"/>
		</Unit>
		<Unit filename="/home/fritz/code/NumSim/src/output_writer/output_writer_text.h">
			<Option target="numsim_parallel"/>
		</Unit>
		<Unit filename="/home/fritz/code/NumSim/src/output_writer/output_writer_text_parallel.cpp">
			<Option target="numsim_parallel"/>
		</Unit>
		<Unit filename="/home/fritz/code/NumSim/src/output_writer/output_writer_text_parallel.h">
			<Option target="numsim_parallel"/>
		</Unit>
		<Unit filename="/home/fritz/code/NumSim/src/settings.cpp">
			<Option target="numsim_parallel"/>
		</Unit>
		<Unit filename="/home/fritz/code/NumSim/src/settings.h">
			<Option target="numsim_parallel"/>
		</Unit>
		<Unit filename="/home/fritz/code/NumSim/CMakeLists.txt">
			<Option virtualFolder="CMake Files\"/>
		</Unit>
		<Unit filename="/home/fritz/code/NumSim/src/CMakeLists.txt">
			<Option virtualFolder="CMake Files\src\"/>
		</Unit>
		<Unit filename="/home/fritz/code/NumSim/../../../../run/current-system/sw/lib/cmake/vtk-7.1/VTKConfig.cmake">
			<Option virtualFolder="CMake Files\..\..\..\..\run\current-system\sw\lib\cmake\vtk-7.1\"/>
		</Unit>
		<Unit filename="/home/fritz/code/NumSim/../../../../run/current-system/sw/lib/cmake/vtk-7.1/VTKConfigVersion.cmake">
			<Option virtualFolder="CMake Files\..\..\..\..\run\current-system\sw\lib\cmake\vtk-7.1\"/>
		</Unit>
		<Unit filename="/home/fritz/code/NumSim/../../../../nix/store/mrbyn6006wg81gp485jgmxklsjv3ds5s-vtk-7.1.1/lib/cmake/vtk-7.1/VTKTargets-release.cmake">
			<Option virtualFolder="CMake Files\..\..\..\..\nix\store\mrbyn6006wg81gp485jgmxklsjv3ds5s-vtk-7.1.1\lib\cmake\vtk-7.1\"/>
		</Unit>
		<Unit filename="/home/fritz/code/NumSim/../../../../nix/store/mrbyn6006wg81gp485jgmxklsjv3ds5s-vtk-7.1.1/lib/cmake/vtk-7.1/VTKTargets.cmake">
			<Option virtualFolder="CMake Files\..\..\..\..\nix\store\mrbyn6006wg81gp485jgmxklsjv3ds5s-vtk-7.1.1\lib\cmake\vtk-7.1\"/>
		</Unit>
		<Unit filename="/home/fritz/code/NumSim/../../../../nix/store/mrbyn6006wg81gp485jgmxklsjv3ds5s-vtk-7.1.1/lib/cmake/vtk-7.1/vtkModuleAPI.cmake">
			<Option virtualFolder="CMake Files\..\..\..\..\nix\store\mrbyn6006wg81gp485jgmxklsjv3ds5s-vtk-7.1.1\lib\cmake\vtk-7.1\"/>
		</Unit>
		<Unit filename="/home/fritz/code/NumSim/../../../../nix/store/mrbyn6006wg81gp485jgmxklsjv3ds5s-vtk-7.1.1/lib/cmake/vtk-7.1/Modules/vtkChartsCore.cmake">
			<Option virtualFolder="CMake Files\..\..\..\..\nix\store\mrbyn6006wg81gp485jgmxklsjv3ds5s-vtk-7.1.1\lib\cmake\vtk-7.1\Modules\"/>
		</Unit>
		<Unit filename="/home/fritz/code/NumSim/../../../../nix/store/mrbyn6006wg81gp485jgmxklsjv3ds5s-vtk-7.1.1/lib/cmake/vtk-7.1/Modules/vtkCommonColor.cmake">
			<Option virtualFolder="CMake Files\..\..\..\..\nix\store\mrbyn6006wg81gp485jgmxklsjv3ds5s-vtk-7.1.1\lib\cmake\vtk-7.1\Modules\"/>
		</Unit>
		<Unit filename="/home/fritz/code/NumSim/../../../../nix/store/mrbyn6006wg81gp485jgmxklsjv3ds5s-vtk-7.1.1/lib/cmake/vtk-7.1/Modules/vtkCommonComputationalGeometry.cmake">
			<Option virtualFolder="CMake Files\..\..\..\..\nix\store\mrbyn6006wg81gp485jgmxklsjv3ds5s-vtk-7.1.1\lib\cmake\vtk-7.1\Modules\"/>
		</Unit>
		<Unit filename="/home/fritz/code/NumSim/../../../../nix/store/mrbyn6006wg81gp485jgmxklsjv3ds5s-vtk-7.1.1/lib/cmake/vtk-7.1/Modules/vtkCommonCore.cmake">
			<Option virtualFolder="CMake Files\..\..\..\..\nix\store\mrbyn6006wg81gp485jgmxklsjv3ds5s-vtk-7.1.1\lib\cmake\vtk-7.1\Modules\"/>
		</Unit>
		<Unit filename="/home/fritz/code/NumSim/../../../../nix/store/mrbyn6006wg81gp485jgmxklsjv3ds5s-vtk-7.1.1/lib/cmake/vtk-7.1/Modules/vtkCommonDataModel.cmake">
			<Option virtualFolder="CMake Files\..\..\..\..\nix\store\mrbyn6006wg81gp485jgmxklsjv3ds5s-vtk-7.1.1\lib\cmake\vtk-7.1\Modules\"/>
		</Unit>
		<Unit filename="/home/fritz/code/NumSim/../../../../nix/store/mrbyn6006wg81gp485jgmxklsjv3ds5s-vtk-7.1.1/lib/cmake/vtk-7.1/Modules/vtkCommonExecutionModel.cmake">
			<Option virtualFolder="CMake Files\..\..\..\..\nix\store\mrbyn6006wg81gp485jgmxklsjv3ds5s-vtk-7.1.1\lib\cmake\vtk-7.1\Modules\"/>
		</Unit>
		<Unit filename="/home/fritz/code/NumSim/../../../../nix/store/mrbyn6006wg81gp485jgmxklsjv3ds5s-vtk-7.1.1/lib/cmake/vtk-7.1/Modules/vtkCommonMath.cmake">
			<Option virtualFolder="CMake Files\..\..\..\..\nix\store\mrbyn6006wg81gp485jgmxklsjv3ds5s-vtk-7.1.1\lib\cmake\vtk-7.1\Modules\"/>
		</Unit>
		<Unit filename="/home/fritz/code/NumSim/../../../../nix/store/mrbyn6006wg81gp485jgmxklsjv3ds5s-vtk-7.1.1/lib/cmake/vtk-7.1/Modules/vtkCommonMisc.cmake">
			<Option virtualFolder="CMake Files\..\..\..\..\nix\store\mrbyn6006wg81gp485jgmxklsjv3ds5s-vtk-7.1.1\lib\cmake\vtk-7.1\Modules\"/>
		</Unit>
		<Unit filename="/home/fritz/code/NumSim/../../../../nix/store/mrbyn6006wg81gp485jgmxklsjv3ds5s-vtk-7.1.1/lib/cmake/vtk-7.1/Modules/vtkCommonSystem.cmake">
			<Option virtualFolder="CMake Files\..\..\..\..\nix\store\mrbyn6006wg81gp485jgmxklsjv3ds5s-vtk-7.1.1\lib\cmake\vtk-7.1\Modules\"/>
		</Unit>
		<Unit filename="/home/fritz/code/NumSim/../../../../nix/store/mrbyn6006wg81gp485jgmxklsjv3ds5s-vtk-7.1.1/lib/cmake/vtk-7.1/Modules/vtkCommonTransforms.cmake">
			<Option virtualFolder="CMake Files\..\..\..\..\nix\store\mrbyn6006wg81gp485jgmxklsjv3ds5s-vtk-7.1.1\lib\cmake\vtk-7.1\Modules\"/>
		</Unit>
		<Unit filename="/home/fritz/code/NumSim/../../../../nix/store/mrbyn6006wg81gp485jgmxklsjv3ds5s-vtk-7.1.1/lib/cmake/vtk-7.1/Modules/vtkDICOMParser.cmake">
			<Option virtualFolder="CMake Files\..\..\..\..\nix\store\mrbyn6006wg81gp485jgmxklsjv3ds5s-vtk-7.1.1\lib\cmake\vtk-7.1\Modules\"/>
		</Unit>
		<Unit filename="/home/fritz/code/NumSim/../../../../nix/store/mrbyn6006wg81gp485jgmxklsjv3ds5s-vtk-7.1.1/lib/cmake/vtk-7.1/Modules/vtkDomainsChemistry.cmake">
			<Option virtualFolder="CMake Files\..\..\..\..\nix\store\mrbyn6006wg81gp485jgmxklsjv3ds5s-vtk-7.1.1\lib\cmake\vtk-7.1\Modules\"/>
		</Unit>
		<Unit filename="/home/fritz/code/NumSim/../../../../nix/store/mrbyn6006wg81gp485jgmxklsjv3ds5s-vtk-7.1.1/lib/cmake/vtk-7.1/Modules/vtkDomainsChemistryOpenGL2.cmake">
			<Option virtualFolder="CMake Files\..\..\..\..\nix\store\mrbyn6006wg81gp485jgmxklsjv3ds5s-vtk-7.1.1\lib\cmake\vtk-7.1\Modules\"/>
		</Unit>
		<Unit filename="/home/fritz/code/NumSim/../../../../nix/store/mrbyn6006wg81gp485jgmxklsjv3ds5s-vtk-7.1.1/lib/cmake/vtk-7.1/Modules/vtkFiltersAMR.cmake">
			<Option virtualFolder="CMake Files\..\..\..\..\nix\store\mrbyn6006wg81gp485jgmxklsjv3ds5s-vtk-7.1.1\lib\cmake\vtk-7.1\Modules\"/>
		</Unit>
		<Unit filename="/home/fritz/code/NumSim/../../../../nix/store/mrbyn6006wg81gp485jgmxklsjv3ds5s-vtk-7.1.1/lib/cmake/vtk-7.1/Modules/vtkFiltersCore.cmake">
			<Option virtualFolder="CMake Files\..\..\..\..\nix\store\mrbyn6006wg81gp485jgmxklsjv3ds5s-vtk-7.1.1\lib\cmake\vtk-7.1\Modules\"/>
		</Unit>
		<Unit filename="/home/fritz/code/NumSim/../../../../nix/store/mrbyn6006wg81gp485jgmxklsjv3ds5s-vtk-7.1.1/lib/cmake/vtk-7.1/Modules/vtkFiltersExtraction.cmake">
			<Option virtualFolder="CMake Files\..\..\..\..\nix\store\mrbyn6006wg81gp485jgmxklsjv3ds5s-vtk-7.1.1\lib\cmake\vtk-7.1\Modules\"/>
		</Unit>
		<Unit filename="/home/fritz/code/NumSim/../../../../nix/store/mrbyn6006wg81gp485jgmxklsjv3ds5s-vtk-7.1.1/lib/cmake/vtk-7.1/Modules/vtkFiltersFlowPaths.cmake">
			<Option virtualFolder="CMake Files\..\..\..\..\nix\store\mrbyn6006wg81gp485jgmxklsjv3ds5s-vtk-7.1.1\lib\cmake\vtk-7.1\Modules\"/>
		</Unit>
		<Unit filename="/home/fritz/code/NumSim/../../../../nix/store/mrbyn6006wg81gp485jgmxklsjv3ds5s-vtk-7.1.1/lib/cmake/vtk-7.1/Modules/vtkFiltersGeneral.cmake">
			<Option virtualFolder="CMake Files\..\..\..\..\nix\store\mrbyn6006wg81gp485jgmxklsjv3ds5s-vtk-7.1.1\lib\cmake\vtk-7.1\Modules\"/>
		</Unit>
		<Unit filename="/home/fritz/code/NumSim/../../../../nix/store/mrbyn6006wg81gp485jgmxklsjv3ds5s-vtk-7.1.1/lib/cmake/vtk-7.1/Modules/vtkFiltersGeneric.cmake">
			<Option virtualFolder="CMake Files\..\..\..\..\nix\store\mrbyn6006wg81gp485jgmxklsjv3ds5s-vtk-7.1.1\lib\cmake\vtk-7.1\Modules\"/>
		</Unit>
		<Unit filename="/home/fritz/code/NumSim/../../../../nix/store/mrbyn6006wg81gp485jgmxklsjv3ds5s-vtk-7.1.1/lib/cmake/vtk-7.1/Modules/vtkFiltersGeometry.cmake">
			<Option virtualFolder="CMake Files\..\..\..\..\nix\store\mrbyn6006wg81gp485jgmxklsjv3ds5s-vtk-7.1.1\lib\cmake\vtk-7.1\Modules\"/>
		</Unit>
		<Unit filename="/home/fritz/code/NumSim/../../../../nix/store/mrbyn6006wg81gp485jgmxklsjv3ds5s-vtk-7.1.1/lib/cmake/vtk-7.1/Modules/vtkFiltersHybrid.cmake">
			<Option virtualFolder="CMake Files\..\..\..\..\nix\store\mrbyn6006wg81gp485jgmxklsjv3ds5s-vtk-7.1.1\lib\cmake\vtk-7.1\Modules\"/>
		</Unit>
		<Unit filename="/home/fritz/code/NumSim/../../../../nix/store/mrbyn6006wg81gp485jgmxklsjv3ds5s-vtk-7.1.1/lib/cmake/vtk-7.1/Modules/vtkFiltersHyperTree.cmake">
			<Option virtualFolder="CMake Files\..\..\..\..\nix\store\mrbyn6006wg81gp485jgmxklsjv3ds5s-vtk-7.1.1\lib\cmake\vtk-7.1\Modules\"/>
		</Unit>
		<Unit filename="/home/fritz/code/NumSim/../../../../nix/store/mrbyn6006wg81gp485jgmxklsjv3ds5s-vtk-7.1.1/lib/cmake/vtk-7.1/Modules/vtkFiltersImaging.cmake">
			<Option virtualFolder="CMake Files\..\..\..\..\nix\store\mrbyn6006wg81gp485jgmxklsjv3ds5s-vtk-7.1.1\lib\cmake\vtk-7.1\Modules\"/>
		</Unit>
		<Unit filename="/home/fritz/code/NumSim/../../../../nix/store/mrbyn6006wg81gp485jgmxklsjv3ds5s-vtk-7.1.1/lib/cmake/vtk-7.1/Modules/vtkFiltersModeling.cmake">
			<Option virtualFolder="CMake Files\..\..\..\..\nix\store\mrbyn6006wg81gp485jgmxklsjv3ds5s-vtk-7.1.1\lib\cmake\vtk-7.1\Modules\"/>
		</Unit>
		<Unit filename="/home/fritz/code/NumSim/../../../../nix/store/mrbyn6006wg81gp485jgmxklsjv3ds5s-vtk-7.1.1/lib/cmake/vtk-7.1/Modules/vtkFiltersParallel.cmake">
			<Option virtualFolder="CMake Files\..\..\..\..\nix\store\mrbyn6006wg81gp485jgmxklsjv3ds5s-vtk-7.1.1\lib\cmake\vtk-7.1\Modules\"/>
		</Unit>
		<Unit filename="/home/fritz/code/NumSim/../../../../nix/store/mrbyn6006wg81gp485jgmxklsjv3ds5s-vtk-7.1.1/lib/cmake/vtk-7.1/Modules/vtkFiltersParallelImaging.cmake">
			<Option virtualFolder="CMake Files\..\..\..\..\nix\store\mrbyn6006wg81gp485jgmxklsjv3ds5s-vtk-7.1.1\lib\cmake\vtk-7.1\Modules\"/>
		</Unit>
		<Unit filename="/home/fritz/code/NumSim/../../../../nix/store/mrbyn6006wg81gp485jgmxklsjv3ds5s-vtk-7.1.1/lib/cmake/vtk-7.1/Modules/vtkFiltersPoints.cmake">
			<Option virtualFolder="CMake Files\..\..\..\..\nix\store\mrbyn6006wg81gp485jgmxklsjv3ds5s-vtk-7.1.1\lib\cmake\vtk-7.1\Modules\"/>
		</Unit>
		<Unit filename="/home/fritz/code/NumSim/../../../../nix/store/mrbyn6006wg81gp485jgmxklsjv3ds5s-vtk-7.1.1/lib/cmake/vtk-7.1/Modules/vtkFiltersProgrammable.cmake">
			<Option virtualFolder="CMake Files\..\..\..\..\nix\store\mrbyn6006wg81gp485jgmxklsjv3ds5s-vtk-7.1.1\lib\cmake\vtk-7.1\Modules\"/>
		</Unit>
		<Unit filename="/home/fritz/code/NumSim/../../../../nix/store/mrbyn6006wg81gp485jgmxklsjv3ds5s-vtk-7.1.1/lib/cmake/vtk-7.1/Modules/vtkFiltersSMP.cmake">
			<Option virtualFolder="CMake Files\..\..\..\..\nix\store\mrbyn6006wg81gp485jgmxklsjv3ds5s-vtk-7.1.1\lib\cmake\vtk-7.1\Modules\"/>
		</Unit>
		<Unit filename="/home/fritz/code/NumSim/../../../../nix/store/mrbyn6006wg81gp485jgmxklsjv3ds5s-vtk-7.1.1/lib/cmake/vtk-7.1/Modules/vtkFiltersSelection.cmake">
			<Option virtualFolder="CMake Files\..\..\..\..\nix\store\mrbyn6006wg81gp485jgmxklsjv3ds5s-vtk-7.1.1\lib\cmake\vtk-7.1\Modules\"/>
		</Unit>
		<Unit filename="/home/fritz/code/NumSim/../../../../nix/store/mrbyn6006wg81gp485jgmxklsjv3ds5s-vtk-7.1.1/lib/cmake/vtk-7.1/Modules/vtkFiltersSources.cmake">
			<Option virtualFolder="CMake Files\..\..\..\..\nix\store\mrbyn6006wg81gp485jgmxklsjv3ds5s-vtk-7.1.1\lib\cmake\vtk-7.1\Modules\"/>
		</Unit>
		<Unit filename="/home/fritz/code/NumSim/../../../../nix/store/mrbyn6006wg81gp485jgmxklsjv3ds5s-vtk-7.1.1/lib/cmake/vtk-7.1/Modules/vtkFiltersStatistics.cmake">
			<Option virtualFolder="CMake Files\..\..\..\..\nix\store\mrbyn6006wg81gp485jgmxklsjv3ds5s-vtk-7.1.1\lib\cmake\vtk-7.1\Modules\"/>
		</Unit>
		<Unit filename="/home/fritz/code/NumSim/../../../../nix/store/mrbyn6006wg81gp485jgmxklsjv3ds5s-vtk-7.1.1/lib/cmake/vtk-7.1/Modules/vtkFiltersTexture.cmake">
			<Option virtualFolder="CMake Files\..\..\..\..\nix\store\mrbyn6006wg81gp485jgmxklsjv3ds5s-vtk-7.1.1\lib\cmake\vtk-7.1\Modules\"/>
		</Unit>
		<Unit filename="/home/fritz/code/NumSim/../../../../nix/store/mrbyn6006wg81gp485jgmxklsjv3ds5s-vtk-7.1.1/lib/cmake/vtk-7.1/Modules/vtkFiltersVerdict.cmake">
			<Option virtualFolder="CMake Files\..\..\..\..\nix\store\mrbyn6006wg81gp485jgmxklsjv3ds5s-vtk-7.1.1\lib\cmake\vtk-7.1\Modules\"/>
		</Unit>
		<Unit filename="/home/fritz/code/NumSim/../../../../nix/store/mrbyn6006wg81gp485jgmxklsjv3ds5s-vtk-7.1.1/lib/cmake/vtk-7.1/Modules/vtkGeovisCore.cmake">
			<Option virtualFolder="CMake Files\..\..\..\..\nix\store\mrbyn6006wg81gp485jgmxklsjv3ds5s-vtk-7.1.1\lib\cmake\vtk-7.1\Modules\"/>
		</Unit>
		<Unit filename="/home/fritz/code/NumSim/../../../../nix/store/mrbyn6006wg81gp485jgmxklsjv3ds5s-vtk-7.1.1/lib/cmake/vtk-7.1/Modules/vtkIOAMR.cmake">
			<Option virtualFolder="CMake Files\..\..\..\..\nix\store\mrbyn6006wg81gp485jgmxklsjv3ds5s-vtk-7.1.1\lib\cmake\vtk-7.1\Modules\"/>
		</Unit>
		<Unit filename="/home/fritz/code/NumSim/../../../../nix/store/mrbyn6006wg81gp485jgmxklsjv3ds5s-vtk-7.1.1/lib/cmake/vtk-7.1/Modules/vtkIOCore.cmake">
			<Option virtualFolder="CMake Files\..\..\..\..\nix\store\mrbyn6006wg81gp485jgmxklsjv3ds5s-vtk-7.1.1\lib\cmake\vtk-7.1\Modules\"/>
		</Unit>
		<Unit filename="/home/fritz/code/NumSim/../../../../nix/store/mrbyn6006wg81gp485jgmxklsjv3ds5s-vtk-7.1.1/lib/cmake/vtk-7.1/Modules/vtkIOEnSight.cmake">
			<Option virtualFolder="CMake Files\..\..\..\..\nix\store\mrbyn6006wg81gp485jgmxklsjv3ds5s-vtk-7.1.1\lib\cmake\vtk-7.1\Modules\"/>
		</Unit>
		<Unit filename="/home/fritz/code/NumSim/../../../../nix/store/mrbyn6006wg81gp485jgmxklsjv3ds5s-vtk-7.1.1/lib/cmake/vtk-7.1/Modules/vtkIOExodus.cmake">
			<Option virtualFolder="CMake Files\..\..\..\..\nix\store\mrbyn6006wg81gp485jgmxklsjv3ds5s-vtk-7.1.1\lib\cmake\vtk-7.1\Modules\"/>
		</Unit>
		<Unit filename="/home/fritz/code/NumSim/../../../../nix/store/mrbyn6006wg81gp485jgmxklsjv3ds5s-vtk-7.1.1/lib/cmake/vtk-7.1/Modules/vtkIOExport.cmake">
			<Option virtualFolder="CMake Files\..\..\..\..\nix\store\mrbyn6006wg81gp485jgmxklsjv3ds5s-vtk-7.1.1\lib\cmake\vtk-7.1\Modules\"/>
		</Unit>
		<Unit filename="/home/fritz/code/NumSim/../../../../nix/store/mrbyn6006wg81gp485jgmxklsjv3ds5s-vtk-7.1.1/lib/cmake/vtk-7.1/Modules/vtkIOGeometry.cmake">
			<Option virtualFolder="CMake Files\..\..\..\..\nix\store\mrbyn6006wg81gp485jgmxklsjv3ds5s-vtk-7.1.1\lib\cmake\vtk-7.1\Modules\"/>
		</Unit>
		<Unit filename="/home/fritz/code/NumSim/../../../../nix/store/mrbyn6006wg81gp485jgmxklsjv3ds5s-vtk-7.1.1/lib/cmake/vtk-7.1/Modules/vtkIOImage.cmake">
			<Option virtualFolder="CMake Files\..\..\..\..\nix\store\mrbyn6006wg81gp485jgmxklsjv3ds5s-vtk-7.1.1\lib\cmake\vtk-7.1\Modules\"/>
		</Unit>
		<Unit filename="/home/fritz/code/NumSim/../../../../nix/store/mrbyn6006wg81gp485jgmxklsjv3ds5s-vtk-7.1.1/lib/cmake/vtk-7.1/Modules/vtkIOImport.cmake">
			<Option virtualFolder="CMake Files\..\..\..\..\nix\store\mrbyn6006wg81gp485jgmxklsjv3ds5s-vtk-7.1.1\lib\cmake\vtk-7.1\Modules\"/>
		</Unit>
		<Unit filename="/home/fritz/code/NumSim/../../../../nix/store/mrbyn6006wg81gp485jgmxklsjv3ds5s-vtk-7.1.1/lib/cmake/vtk-7.1/Modules/vtkIOInfovis.cmake">
			<Option virtualFolder="CMake Files\..\..\..\..\nix\store\mrbyn6006wg81gp485jgmxklsjv3ds5s-vtk-7.1.1\lib\cmake\vtk-7.1\Modules\"/>
		</Unit>
		<Unit filename="/home/fritz/code/NumSim/../../../../nix/store/mrbyn6006wg81gp485jgmxklsjv3ds5s-vtk-7.1.1/lib/cmake/vtk-7.1/Modules/vtkIOLSDyna.cmake">
			<Option virtualFolder="CMake Files\..\..\..\..\nix\store\mrbyn6006wg81gp485jgmxklsjv3ds5s-vtk-7.1.1\lib\cmake\vtk-7.1\Modules\"/>
		</Unit>
		<Unit filename="/home/fritz/code/NumSim/../../../../nix/store/mrbyn6006wg81gp485jgmxklsjv3ds5s-vtk-7.1.1/lib/cmake/vtk-7.1/Modules/vtkIOLegacy.cmake">
			<Option virtualFolder="CMake Files\..\..\..\..\nix\store\mrbyn6006wg81gp485jgmxklsjv3ds5s-vtk-7.1.1\lib\cmake\vtk-7.1\Modules\"/>
		</Unit>
		<Unit filename="/home/fritz/code/NumSim/../../../../nix/store/mrbyn6006wg81gp485jgmxklsjv3ds5s-vtk-7.1.1/lib/cmake/vtk-7.1/Modules/vtkIOMINC.cmake">
			<Option virtualFolder="CMake Files\..\..\..\..\nix\store\mrbyn6006wg81gp485jgmxklsjv3ds5s-vtk-7.1.1\lib\cmake\vtk-7.1\Modules\"/>
		</Unit>
		<Unit filename="/home/fritz/code/NumSim/../../../../nix/store/mrbyn6006wg81gp485jgmxklsjv3ds5s-vtk-7.1.1/lib/cmake/vtk-7.1/Modules/vtkIOMovie.cmake">
			<Option virtualFolder="CMake Files\..\..\..\..\nix\store\mrbyn6006wg81gp485jgmxklsjv3ds5s-vtk-7.1.1\lib\cmake\vtk-7.1\Modules\"/>
		</Unit>
		<Unit filename="/home/fritz/code/NumSim/../../../../nix/store/mrbyn6006wg81gp485jgmxklsjv3ds5s-vtk-7.1.1/lib/cmake/vtk-7.1/Modules/vtkIONetCDF.cmake">
			<Option virtualFolder="CMake Files\..\..\..\..\nix\store\mrbyn6006wg81gp485jgmxklsjv3ds5s-vtk-7.1.1\lib\cmake\vtk-7.1\Modules\"/>
		</Unit>
		<Unit filename="/home/fritz/code/NumSim/../../../../nix/store/mrbyn6006wg81gp485jgmxklsjv3ds5s-vtk-7.1.1/lib/cmake/vtk-7.1/Modules/vtkIOPLY.cmake">
			<Option virtualFolder="CMake Files\..\..\..\..\nix\store\mrbyn6006wg81gp485jgmxklsjv3ds5s-vtk-7.1.1\lib\cmake\vtk-7.1\Modules\"/>
		</Unit>
		<Unit filename="/home/fritz/code/NumSim/../../../../nix/store/mrbyn6006wg81gp485jgmxklsjv3ds5s-vtk-7.1.1/lib/cmake/vtk-7.1/Modules/vtkIOParallel.cmake">
			<Option virtualFolder="CMake Files\..\..\..\..\nix\store\mrbyn6006wg81gp485jgmxklsjv3ds5s-vtk-7.1.1\lib\cmake\vtk-7.1\Modules\"/>
		</Unit>
		<Unit filename="/home/fritz/code/NumSim/../../../../nix/store/mrbyn6006wg81gp485jgmxklsjv3ds5s-vtk-7.1.1/lib/cmake/vtk-7.1/Modules/vtkIOParallelXML.cmake">
			<Option virtualFolder="CMake Files\..\..\..\..\nix\store\mrbyn6006wg81gp485jgmxklsjv3ds5s-vtk-7.1.1\lib\cmake\vtk-7.1\Modules\"/>
		</Unit>
		<Unit filename="/home/fritz/code/NumSim/../../../../nix/store/mrbyn6006wg81gp485jgmxklsjv3ds5s-vtk-7.1.1/lib/cmake/vtk-7.1/Modules/vtkIOSQL.cmake">
			<Option virtualFolder="CMake Files\..\..\..\..\nix\store\mrbyn6006wg81gp485jgmxklsjv3ds5s-vtk-7.1.1\lib\cmake\vtk-7.1\Modules\"/>
		</Unit>
		<Unit filename="/home/fritz/code/NumSim/../../../../nix/store/mrbyn6006wg81gp485jgmxklsjv3ds5s-vtk-7.1.1/lib/cmake/vtk-7.1/Modules/vtkIOTecplotTable.cmake">
			<Option virtualFolder="CMake Files\..\..\..\..\nix\store\mrbyn6006wg81gp485jgmxklsjv3ds5s-vtk-7.1.1\lib\cmake\vtk-7.1\Modules\"/>
		</Unit>
		<Unit filename="/home/fritz/code/NumSim/../../../../nix/store/mrbyn6006wg81gp485jgmxklsjv3ds5s-vtk-7.1.1/lib/cmake/vtk-7.1/Modules/vtkIOVideo.cmake">
			<Option virtualFolder="CMake Files\..\..\..\..\nix\store\mrbyn6006wg81gp485jgmxklsjv3ds5s-vtk-7.1.1\lib\cmake\vtk-7.1\Modules\"/>
		</Unit>
		<Unit filename="/home/fritz/code/NumSim/../../../../nix/store/mrbyn6006wg81gp485jgmxklsjv3ds5s-vtk-7.1.1/lib/cmake/vtk-7.1/Modules/vtkIOXML.cmake">
			<Option virtualFolder="CMake Files\..\..\..\..\nix\store\mrbyn6006wg81gp485jgmxklsjv3ds5s-vtk-7.1.1\lib\cmake\vtk-7.1\Modules\"/>
		</Unit>
		<Unit filename="/home/fritz/code/NumSim/../../../../nix/store/mrbyn6006wg81gp485jgmxklsjv3ds5s-vtk-7.1.1/lib/cmake/vtk-7.1/Modules/vtkIOXMLParser.cmake">
			<Option virtualFolder="CMake Files\..\..\..\..\nix\store\mrbyn6006wg81gp485jgmxklsjv3ds5s-vtk-7.1.1\lib\cmake\vtk-7.1\Modules\"/>
		</Unit>
		<Unit filename="/home/fritz/code/NumSim/../../../../nix/store/mrbyn6006wg81gp485jgmxklsjv3ds5s-vtk-7.1.1/lib/cmake/vtk-7.1/Modules/vtkImagingColor.cmake">
			<Option virtualFolder="CMake Files\..\..\..\..\nix\store\mrbyn6006wg81gp485jgmxklsjv3ds5s-vtk-7.1.1\lib\cmake\vtk-7.1\Modules\"/>
		</Unit>
		<Unit filename="/home/fritz/code/NumSim/../../../../nix/store/mrbyn6006wg81gp485jgmxklsjv3ds5s-vtk-7.1.1/lib/cmake/vtk-7.1/Modules/vtkImagingCore.cmake">
			<Option virtualFolder="CMake Files\..\..\..\..\nix\store\mrbyn6006wg81gp485jgmxklsjv3ds5s-vtk-7.1.1\lib\cmake\vtk-7.1\Modules\"/>
		</Unit>
		<Unit filename="/home/fritz/code/NumSim/../../../../nix/store/mrbyn6006wg81gp485jgmxklsjv3ds5s-vtk-7.1.1/lib/cmake/vtk-7.1/Modules/vtkImagingFourier.cmake">
			<Option virtualFolder="CMake Files\..\..\..\..\nix\store\mrbyn6006wg81gp485jgmxklsjv3ds5s-vtk-7.1.1\lib\cmake\vtk-7.1\Modules\"/>
		</Unit>
		<Unit filename="/home/fritz/code/NumSim/../../../../nix/store/mrbyn6006wg81gp485jgmxklsjv3ds5s-vtk-7.1.1/lib/cmake/vtk-7.1/Modules/vtkImagingGeneral.cmake">
			<Option virtualFolder="CMake Files\..\..\..\..\nix\store\mrbyn6006wg81gp485jgmxklsjv3ds5s-vtk-7.1.1\lib\cmake\vtk-7.1\Modules\"/>
		</Unit>
		<Unit filename="/home/fritz/code/NumSim/../../../../nix/store/mrbyn6006wg81gp485jgmxklsjv3ds5s-vtk-7.1.1/lib/cmake/vtk-7.1/Modules/vtkImagingHybrid.cmake">
			<Option virtualFolder="CMake Files\..\..\..\..\nix\store\mrbyn6006wg81gp485jgmxklsjv3ds5s-vtk-7.1.1\lib\cmake\vtk-7.1\Modules\"/>
		</Unit>
		<Unit filename="/home/fritz/code/NumSim/../../../../nix/store/mrbyn6006wg81gp485jgmxklsjv3ds5s-vtk-7.1.1/lib/cmake/vtk-7.1/Modules/vtkImagingMath.cmake">
			<Option virtualFolder="CMake Files\..\..\..\..\nix\store\mrbyn6006wg81gp485jgmxklsjv3ds5s-vtk-7.1.1\lib\cmake\vtk-7.1\Modules\"/>
		</Unit>
		<Unit filename="/home/fritz/code/NumSim/../../../../nix/store/mrbyn6006wg81gp485jgmxklsjv3ds5s-vtk-7.1.1/lib/cmake/vtk-7.1/Modules/vtkImagingMorphological.cmake">
			<Option virtualFolder="CMake Files\..\..\..\..\nix\store\mrbyn6006wg81gp485jgmxklsjv3ds5s-vtk-7.1.1\lib\cmake\vtk-7.1\Modules\"/>
		</Unit>
		<Unit filename="/home/fritz/code/NumSim/../../../../nix/store/mrbyn6006wg81gp485jgmxklsjv3ds5s-vtk-7.1.1/lib/cmake/vtk-7.1/Modules/vtkImagingSources.cmake">
			<Option virtualFolder="CMake Files\..\..\..\..\nix\store\mrbyn6006wg81gp485jgmxklsjv3ds5s-vtk-7.1.1\lib\cmake\vtk-7.1\Modules\"/>
		</Unit>
		<Unit filename="/home/fritz/code/NumSim/../../../../nix/store/mrbyn6006wg81gp485jgmxklsjv3ds5s-vtk-7.1.1/lib/cmake/vtk-7.1/Modules/vtkImagingStatistics.cmake">
			<Option virtualFolder="CMake Files\..\..\..\..\nix\store\mrbyn6006wg81gp485jgmxklsjv3ds5s-vtk-7.1.1\lib\cmake\vtk-7.1\Modules\"/>
		</Unit>
		<Unit filename="/home/fritz/code/NumSim/../../../../nix/store/mrbyn6006wg81gp485jgmxklsjv3ds5s-vtk-7.1.1/lib/cmake/vtk-7.1/Modules/vtkImagingStencil.cmake">
			<Option virtualFolder="CMake Files\..\..\..\..\nix\store\mrbyn6006wg81gp485jgmxklsjv3ds5s-vtk-7.1.1\lib\cmake\vtk-7.1\Modules\"/>
		</Unit>
		<Unit filename="/home/fritz/code/NumSim/../../../../nix/store/mrbyn6006wg81gp485jgmxklsjv3ds5s-vtk-7.1.1/lib/cmake/vtk-7.1/Modules/vtkInfovisCore.cmake">
			<Option virtualFolder="CMake Files\..\..\..\..\nix\store\mrbyn6006wg81gp485jgmxklsjv3ds5s-vtk-7.1.1\lib\cmake\vtk-7.1\Modules\"/>
		</Unit>
		<Unit filename="/home/fritz/code/NumSim/../../../../nix/store/mrbyn6006wg81gp485jgmxklsjv3ds5s-vtk-7.1.1/lib/cmake/vtk-7.1/Modules/vtkInfovisLayout.cmake">
			<Option virtualFolder="CMake Files\..\..\..\..\nix\store\mrbyn6006wg81gp485jgmxklsjv3ds5s-vtk-7.1.1\lib\cmake\vtk-7.1\Modules\"/>
		</Unit>
		<Unit filename="/home/fritz/code/NumSim/../../../../nix/store/mrbyn6006wg81gp485jgmxklsjv3ds5s-vtk-7.1.1/lib/cmake/vtk-7.1/Modules/vtkInteractionImage.cmake">
			<Option virtualFolder="CMake Files\..\..\..\..\nix\store\mrbyn6006wg81gp485jgmxklsjv3ds5s-vtk-7.1.1\lib\cmake\vtk-7.1\Modules\"/>
		</Unit>
		<Unit filename="/home/fritz/code/NumSim/../../../../nix/store/mrbyn6006wg81gp485jgmxklsjv3ds5s-vtk-7.1.1/lib/cmake/vtk-7.1/Modules/vtkInteractionStyle.cmake">
			<Option virtualFolder="CMake Files\..\..\..\..\nix\store\mrbyn6006wg81gp485jgmxklsjv3ds5s-vtk-7.1.1\lib\cmake\vtk-7.1\Modules\"/>
		</Unit>
		<Unit filename="/home/fritz/code/NumSim/../../../../nix/store/mrbyn6006wg81gp485jgmxklsjv3ds5s-vtk-7.1.1/lib/cmake/vtk-7.1/Modules/vtkInteractionWidgets.cmake">
			<Option virtualFolder="CMake Files\..\..\..\..\nix\store\mrbyn6006wg81gp485jgmxklsjv3ds5s-vtk-7.1.1\lib\cmake\vtk-7.1\Modules\"/>
		</Unit>
		<Unit filename="/home/fritz/code/NumSim/../../../../nix/store/mrbyn6006wg81gp485jgmxklsjv3ds5s-vtk-7.1.1/lib/cmake/vtk-7.1/Modules/vtkMetaIO.cmake">
			<Option virtualFolder="CMake Files\..\..\..\..\nix\store\mrbyn6006wg81gp485jgmxklsjv3ds5s-vtk-7.1.1\lib\cmake\vtk-7.1\Modules\"/>
		</Unit>
		<Unit filename="/home/fritz/code/NumSim/../../../../nix/store/mrbyn6006wg81gp485jgmxklsjv3ds5s-vtk-7.1.1/lib/cmake/vtk-7.1/Modules/vtkParallelCore.cmake">
			<Option virtualFolder="CMake Files\..\..\..\..\nix\store\mrbyn6006wg81gp485jgmxklsjv3ds5s-vtk-7.1.1\lib\cmake\vtk-7.1\Modules\"/>
		</Unit>
		<Unit filename="/home/fritz/code/NumSim/../../../../nix/store/mrbyn6006wg81gp485jgmxklsjv3ds5s-vtk-7.1.1/lib/cmake/vtk-7.1/Modules/vtkRenderingAnnotation.cmake">
			<Option virtualFolder="CMake Files\..\..\..\..\nix\store\mrbyn6006wg81gp485jgmxklsjv3ds5s-vtk-7.1.1\lib\cmake\vtk-7.1\Modules\"/>
		</Unit>
		<Unit filename="/home/fritz/code/NumSim/../../../../nix/store/mrbyn6006wg81gp485jgmxklsjv3ds5s-vtk-7.1.1/lib/cmake/vtk-7.1/Modules/vtkRenderingContext2D.cmake">
			<Option virtualFolder="CMake Files\..\..\..\..\nix\store\mrbyn6006wg81gp485jgmxklsjv3ds5s-vtk-7.1.1\lib\cmake\vtk-7.1\Modules\"/>
		</Unit>
		<Unit filename="/home/fritz/code/NumSim/../../../../nix/store/mrbyn6006wg81gp485jgmxklsjv3ds5s-vtk-7.1.1/lib/cmake/vtk-7.1/Modules/vtkRenderingContextOpenGL2.cmake">
			<Option virtualFolder="CMake Files\..\..\..\..\nix\store\mrbyn6006wg81gp485jgmxklsjv3ds5s-vtk-7.1.1\lib\cmake\vtk-7.1\Modules\"/>
		</Unit>
		<Unit filename="/home/fritz/code/NumSim/../../../../nix/store/mrbyn6006wg81gp485jgmxklsjv3ds5s-vtk-7.1.1/lib/cmake/vtk-7.1/Modules/vtkRenderingCore.cmake">
			<Option virtualFolder="CMake Files\..\..\..\..\nix\store\mrbyn6006wg81gp485jgmxklsjv3ds5s-vtk-7.1.1\lib\cmake\vtk-7.1\Modules\"/>
		</Unit>
		<Unit filename="/home/fritz/code/NumSim/../../../../nix/store/mrbyn6006wg81gp485jgmxklsjv3ds5s-vtk-7.1.1/lib/cmake/vtk-7.1/Modules/vtkRenderingFreeType.cmake">
			<Option virtualFolder="CMake Files\..\..\..\..\nix\store\mrbyn6006wg81gp485jgmxklsjv3ds5s-vtk-7.1.1\lib\cmake\vtk-7.1\Modules\"/>
		</Unit>
		<Unit filename="/home/fritz/code/NumSim/../../../../nix/store/mrbyn6006wg81gp485jgmxklsjv3ds5s-vtk-7.1.1/lib/cmake/vtk-7.1/Modules/vtkRenderingGL2PSOpenGL2.cmake">
			<Option virtualFolder="CMake Files\..\..\..\..\nix\store\mrbyn6006wg81gp485jgmxklsjv3ds5s-vtk-7.1.1\lib\cmake\vtk-7.1\Modules\"/>
		</Unit>
		<Unit filename="/home/fritz/code/NumSim/../../../../nix/store/mrbyn6006wg81gp485jgmxklsjv3ds5s-vtk-7.1.1/lib/cmake/vtk-7.1/Modules/vtkRenderingImage.cmake">
			<Option virtualFolder="CMake Files\..\..\..\..\nix\store\mrbyn6006wg81gp485jgmxklsjv3ds5s-vtk-7.1.1\lib\cmake\vtk-7.1\Modules\"/>
		</Unit>
		<Unit filename="/home/fritz/code/NumSim/../../../../nix/store/mrbyn6006wg81gp485jgmxklsjv3ds5s-vtk-7.1.1/lib/cmake/vtk-7.1/Modules/vtkRenderingLOD.cmake">
			<Option virtualFolder="CMake Files\..\..\..\..\nix\store\mrbyn6006wg81gp485jgmxklsjv3ds5s-vtk-7.1.1\lib\cmake\vtk-7.1\Modules\"/>
		</Unit>
		<Unit filename="/home/fritz/code/NumSim/../../../../nix/store/mrbyn6006wg81gp485jgmxklsjv3ds5s-vtk-7.1.1/lib/cmake/vtk-7.1/Modules/vtkRenderingLabel.cmake">
			<Option virtualFolder="CMake Files\..\..\..\..\nix\store\mrbyn6006wg81gp485jgmxklsjv3ds5s-vtk-7.1.1\lib\cmake\vtk-7.1\Modules\"/>
		</Unit>
		<Unit filename="/home/fritz/code/NumSim/../../../../nix/store/mrbyn6006wg81gp485jgmxklsjv3ds5s-vtk-7.1.1/lib/cmake/vtk-7.1/Modules/vtkRenderingOpenGL2.cmake">
			<Option virtualFolder="CMake Files\..\..\..\..\nix\store\mrbyn6006wg81gp485jgmxklsjv3ds5s-vtk-7.1.1\lib\cmake\vtk-7.1\Modules\"/>
		</Unit>
		<Unit filename="/home/fritz/code/NumSim/../../../../nix/store/mrbyn6006wg81gp485jgmxklsjv3ds5s-vtk-7.1.1/lib/cmake/vtk-7.1/Modules/vtkRenderingVolume.cmake">
			<Option virtualFolder="CMake Files\..\..\..\..\nix\store\mrbyn6006wg81gp485jgmxklsjv3ds5s-vtk-7.1.1\lib\cmake\vtk-7.1\Modules\"/>
		</Unit>
		<Unit filename="/home/fritz/code/NumSim/../../../../nix/store/mrbyn6006wg81gp485jgmxklsjv3ds5s-vtk-7.1.1/lib/cmake/vtk-7.1/Modules/vtkRenderingVolumeOpenGL2.cmake">
			<Option virtualFolder="CMake Files\..\..\..\..\nix\store\mrbyn6006wg81gp485jgmxklsjv3ds5s-vtk-7.1.1\lib\cmake\vtk-7.1\Modules\"/>
		</Unit>
		<Unit filename="/home/fritz/code/NumSim/../../../../nix/store/mrbyn6006wg81gp485jgmxklsjv3ds5s-vtk-7.1.1/lib/cmake/vtk-7.1/Modules/vtkUtilitiesEncodeString.cmake">
			<Option virtualFolder="CMake Files\..\..\..\..\nix\store\mrbyn6006wg81gp485jgmxklsjv3ds5s-vtk-7.1.1\lib\cmake\vtk-7.1\Modules\"/>
		</Unit>
		<Unit filename="/home/fritz/code/NumSim/../../../../nix/store/mrbyn6006wg81gp485jgmxklsjv3ds5s-vtk-7.1.1/lib/cmake/vtk-7.1/Modules/vtkUtilitiesHashSource.cmake">
			<Option virtualFolder="CMake Files\..\..\..\..\nix\store\mrbyn6006wg81gp485jgmxklsjv3ds5s-vtk-7.1.1\lib\cmake\vtk-7.1\Modules\"/>
		</Unit>
		<Unit filename="/home/fritz/code/NumSim/../../../../nix/store/mrbyn6006wg81gp485jgmxklsjv3ds5s-vtk-7.1.1/lib/cmake/vtk-7.1/Modules/vtkViewsContext2D.cmake">
			<Option virtualFolder="CMake Files\..\..\..\..\nix\store\mrbyn6006wg81gp485jgmxklsjv3ds5s-vtk-7.1.1\lib\cmake\vtk-7.1\Modules\"/>
		</Unit>
		<Unit filename="/home/fritz/code/NumSim/../../../../nix/store/mrbyn6006wg81gp485jgmxklsjv3ds5s-vtk-7.1.1/lib/cmake/vtk-7.1/Modules/vtkViewsCore.cmake">
			<Option virtualFolder="CMake Files\..\..\..\..\nix\store\mrbyn6006wg81gp485jgmxklsjv3ds5s-vtk-7.1.1\lib\cmake\vtk-7.1\Modules\"/>
		</Unit>
		<Unit filename="/home/fritz/code/NumSim/../../../../nix/store/mrbyn6006wg81gp485jgmxklsjv3ds5s-vtk-7.1.1/lib/cmake/vtk-7.1/Modules/vtkViewsInfovis.cmake">
			<Option virtualFolder="CMake Files\..\..\..\..\nix\store\mrbyn6006wg81gp485jgmxklsjv3ds5s-vtk-7.1.1\lib\cmake\vtk-7.1\Modules\"/>
		</Unit>
		<Unit filename="/home/fritz/code/NumSim/../../../../nix/store/mrbyn6006wg81gp485jgmxklsjv3ds5s-vtk-7.1.1/lib/cmake/vtk-7.1/Modules/vtkalglib.cmake">
			<Option virtualFolder="CMake Files\..\..\..\..\nix\store\mrbyn6006wg81gp485jgmxklsjv3ds5s-vtk-7.1.1\lib\cmake\vtk-7.1\Modules\"/>
		</Unit>
		<Unit filename="/home/fritz/code/NumSim/../../../../nix/store/mrbyn6006wg81gp485jgmxklsjv3ds5s-vtk-7.1.1/lib/cmake/vtk-7.1/Modules/vtkexodusII.cmake">
			<Option virtualFolder="CMake Files\..\..\..\..\nix\store\mrbyn6006wg81gp485jgmxklsjv3ds5s-vtk-7.1.1\lib\cmake\vtk-7.1\Modules\"/>
		</Unit>
		<Unit filename="/home/fritz/code/NumSim/../../../../nix/store/mrbyn6006wg81gp485jgmxklsjv3ds5s-vtk-7.1.1/lib/cmake/vtk-7.1/Modules/vtkexpat.cmake">
			<Option virtualFolder="CMake Files\..\..\..\..\nix\store\mrbyn6006wg81gp485jgmxklsjv3ds5s-vtk-7.1.1\lib\cmake\vtk-7.1\Modules\"/>
		</Unit>
		<Unit filename="/home/fritz/code/NumSim/../../../../nix/store/mrbyn6006wg81gp485jgmxklsjv3ds5s-vtk-7.1.1/lib/cmake/vtk-7.1/Modules/vtkfreetype.cmake">
			<Option virtualFolder="CMake Files\..\..\..\..\nix\store\mrbyn6006wg81gp485jgmxklsjv3ds5s-vtk-7.1.1\lib\cmake\vtk-7.1\Modules\"/>
		</Unit>
		<Unit filename="/home/fritz/code/NumSim/../../../../nix/store/mrbyn6006wg81gp485jgmxklsjv3ds5s-vtk-7.1.1/lib/cmake/vtk-7.1/Modules/vtkgl2ps.cmake">
			<Option virtualFolder="CMake Files\..\..\..\..\nix\store\mrbyn6006wg81gp485jgmxklsjv3ds5s-vtk-7.1.1\lib\cmake\vtk-7.1\Modules\"/>
		</Unit>
		<Unit filename="/home/fritz/code/NumSim/../../../../nix/store/mrbyn6006wg81gp485jgmxklsjv3ds5s-vtk-7.1.1/lib/cmake/vtk-7.1/Modules/vtkglew.cmake">
			<Option virtualFolder="CMake Files\..\..\..\..\nix\store\mrbyn6006wg81gp485jgmxklsjv3ds5s-vtk-7.1.1\lib\cmake\vtk-7.1\Modules\"/>
		</Unit>
		<Unit filename="/home/fritz/code/NumSim/../../../../nix/store/mrbyn6006wg81gp485jgmxklsjv3ds5s-vtk-7.1.1/lib/cmake/vtk-7.1/Modules/vtkhdf5.cmake">
			<Option virtualFolder="CMake Files\..\..\..\..\nix\store\mrbyn6006wg81gp485jgmxklsjv3ds5s-vtk-7.1.1\lib\cmake\vtk-7.1\Modules\"/>
		</Unit>
		<Unit filename="/home/fritz/code/NumSim/../../../../nix/store/mrbyn6006wg81gp485jgmxklsjv3ds5s-vtk-7.1.1/lib/cmake/vtk-7.1/Modules/vtkjpeg.cmake">
			<Option virtualFolder="CMake Files\..\..\..\..\nix\store\mrbyn6006wg81gp485jgmxklsjv3ds5s-vtk-7.1.1\lib\cmake\vtk-7.1\Modules\"/>
		</Unit>
		<Unit filename="/home/fritz/code/NumSim/../../../../nix/store/mrbyn6006wg81gp485jgmxklsjv3ds5s-vtk-7.1.1/lib/cmake/vtk-7.1/Modules/vtkjsoncpp.cmake">
			<Option virtualFolder="CMake Files\..\..\..\..\nix\store\mrbyn6006wg81gp485jgmxklsjv3ds5s-vtk-7.1.1\lib\cmake\vtk-7.1\Modules\"/>
		</Unit>
		<Unit filename="/home/fritz/code/NumSim/../../../../nix/store/mrbyn6006wg81gp485jgmxklsjv3ds5s-vtk-7.1.1/lib/cmake/vtk-7.1/Modules/vtkkwiml.cmake">
			<Option virtualFolder="CMake Files\..\..\..\..\nix\store\mrbyn6006wg81gp485jgmxklsjv3ds5s-vtk-7.1.1\lib\cmake\vtk-7.1\Modules\"/>
		</Unit>
		<Unit filename="/home/fritz/code/NumSim/../../../../nix/store/mrbyn6006wg81gp485jgmxklsjv3ds5s-vtk-7.1.1/lib/cmake/vtk-7.1/Modules/vtklibproj4.cmake">
			<Option virtualFolder="CMake Files\..\..\..\..\nix\store\mrbyn6006wg81gp485jgmxklsjv3ds5s-vtk-7.1.1\lib\cmake\vtk-7.1\Modules\"/>
		</Unit>
		<Unit filename="/home/fritz/code/NumSim/../../../../nix/store/mrbyn6006wg81gp485jgmxklsjv3ds5s-vtk-7.1.1/lib/cmake/vtk-7.1/Modules/vtklibxml2.cmake">
			<Option virtualFolder="CMake Files\..\..\..\..\nix\store\mrbyn6006wg81gp485jgmxklsjv3ds5s-vtk-7.1.1\lib\cmake\vtk-7.1\Modules\"/>
		</Unit>
		<Unit filename="/home/fritz/code/NumSim/../../../../nix/store/mrbyn6006wg81gp485jgmxklsjv3ds5s-vtk-7.1.1/lib/cmake/vtk-7.1/Modules/vtknetcdf.cmake">
			<Option virtualFolder="CMake Files\..\..\..\..\nix\store\mrbyn6006wg81gp485jgmxklsjv3ds5s-vtk-7.1.1\lib\cmake\vtk-7.1\Modules\"/>
		</Unit>
		<Unit filename="/home/fritz/code/NumSim/../../../../nix/store/mrbyn6006wg81gp485jgmxklsjv3ds5s-vtk-7.1.1/lib/cmake/vtk-7.1/Modules/vtkoggtheora.cmake">
			<Option virtualFolder="CMake Files\..\..\..\..\nix\store\mrbyn6006wg81gp485jgmxklsjv3ds5s-vtk-7.1.1\lib\cmake\vtk-7.1\Modules\"/>
		</Unit>
		<Unit filename="/home/fritz/code/NumSim/../../../../nix/store/mrbyn6006wg81gp485jgmxklsjv3ds5s-vtk-7.1.1/lib/cmake/vtk-7.1/Modules/vtkpng.cmake">
			<Option virtualFolder="CMake Files\..\..\..\..\nix\store\mrbyn6006wg81gp485jgmxklsjv3ds5s-vtk-7.1.1\lib\cmake\vtk-7.1\Modules\"/>
		</Unit>
		<Unit filename="/home/fritz/code/NumSim/../../../../nix/store/mrbyn6006wg81gp485jgmxklsjv3ds5s-vtk-7.1.1/lib/cmake/vtk-7.1/Modules/vtksqlite.cmake">
			<Option virtualFolder="CMake Files\..\..\..\..\nix\store\mrbyn6006wg81gp485jgmxklsjv3ds5s-vtk-7.1.1\lib\cmake\vtk-7.1\Modules\"/>
		</Unit>
		<Unit filename="/home/fritz/code/NumSim/../../../../nix/store/mrbyn6006wg81gp485jgmxklsjv3ds5s-vtk-7.1.1/lib/cmake/vtk-7.1/Modules/vtksys.cmake">
			<Option virtualFolder="CMake Files\..\..\..\..\nix\store\mrbyn6006wg81gp485jgmxklsjv3ds5s-vtk-7.1.1\lib\cmake\vtk-7.1\Modules\"/>
		</Unit>
		<Unit filename="/home/fritz/code/NumSim/../../../../nix/store/mrbyn6006wg81gp485jgmxklsjv3ds5s-vtk-7.1.1/lib/cmake/vtk-7.1/Modules/vtktiff.cmake">
			<Option virtualFolder="CMake Files\..\..\..\..\nix\store\mrbyn6006wg81gp485jgmxklsjv3ds5s-vtk-7.1.1\lib\cmake\vtk-7.1\Modules\"/>
		</Unit>
		<Unit filename="/home/fritz/code/NumSim/../../../../nix/store/mrbyn6006wg81gp485jgmxklsjv3ds5s-vtk-7.1.1/lib/cmake/vtk-7.1/Modules/vtkverdict.cmake">
			<Option virtualFolder="CMake Files\..\..\..\..\nix\store\mrbyn6006wg81gp485jgmxklsjv3ds5s-vtk-7.1.1\lib\cmake\vtk-7.1\Modules\"/>
		</Unit>
		<Unit filename="/home/fritz/code/NumSim/../../../../nix/store/mrbyn6006wg81gp485jgmxklsjv3ds5s-vtk-7.1.1/lib/cmake/vtk-7.1/Modules/vtkzlib.cmake">
			<Option virtualFolder="CMake Files\..\..\..\..\nix\store\mrbyn6006wg81gp485jgmxklsjv3ds5s-vtk-7.1.1\lib\cmake\vtk-7.1\Modules\"/>
		</Unit>
	</Project>
</CodeBlocks_project_file>
